
Microsoft Visual Studio Solution File, Format Version 12.00
# Visual Studio Version 17
VisualStudioVersion = 17.6.33723.286
MinimumVisualStudioVersion = 10.0.40219.1
Project("{9A19103F-16F7-4668-BE54-9A1E7A4F7556}") = "InterviewSystem.ET", "InterviewSystem.ET\InterviewSystem.ET.csproj", "{A109B83A-96E3-48F0-950D-2D3B693D9391}"
EndProject
Project("{9A19103F-16F7-4668-BE54-9A1E7A4F7556}") = "InterviewSystem.DS", "InterviewSystem.DS\InterviewSystem.DS.csproj", "{15769509-700E-4DDC-BAD4-14888CA48309}"
EndProject
Project("{9A19103F-16F7-4668-BE54-9A1E7A4F7556}") = "InterviewSystem.BL", "InterviewSystem.BL\InterviewSystem.BL.csproj", "{8CB5E03B-6545-4EEF-B284-6BDE4A5DEE7B}"
EndProject
Project("{9A19103F-16F7-4668-BE54-9A1E7A4F7556}") = "InterviewSystem.API", "InterviewSystem.API\InterviewSystem.API.csproj", "{BC4F974A-6DB8-44C9-A852-6CEFA9ABEC51}"
EndProject
Project("{FAE04EC0-301F-11D3-BF4B-00C04F79EFBC}") = "InterviewSystem.Client", "InterviewSystem.Client\InterviewSystem.Client.csproj", "{51FB25DD-8F4C-4A99-9CDE-DFA39DAF54F1}"
EndProject
Global
	GlobalSection(SolutionConfigurationPlatforms) = preSolution
		Debug|Any CPU = Debug|Any CPU
		Release|Any CPU = Release|Any CPU
	EndGlobalSection
	GlobalSection(ProjectConfigurationPlatforms) = postSolution
		{A109B83A-96E3-48F0-950D-2D3B693D9391}.Debug|Any CPU.ActiveCfg = Debug|Any CPU
		{A109B83A-96E3-48F0-950D-2D3B693D9391}.Debug|Any CPU.Build.0 = Debug|Any CPU
		{A109B83A-96E3-48F0-950D-2D3B693D9391}.Release|Any CPU.ActiveCfg = Release|Any CPU
		{A109B83A-96E3-48F0-950D-2D3B693D9391}.Release|Any CPU.Build.0 = Release|Any CPU
		{15769509-700E-4DDC-BAD4-14888CA48309}.Debug|Any CPU.ActiveCfg = Debug|Any CPU
		{15769509-700E-4DDC-BAD4-14888CA48309}.Debug|Any CPU.Build.0 = Debug|Any CPU
		{15769509-700E-4DDC-BAD4-14888CA48309}.Release|Any CPU.ActiveCfg = Release|Any CPU
		{15769509-700E-4DDC-BAD4-14888CA48309}.Release|Any CPU.Build.0 = Release|Any CPU
		{8CB5E03B-6545-4EEF-B284-6BDE4A5DEE7B}.Debug|Any CPU.ActiveCfg = Debug|Any CPU
		{8CB5E03B-6545-4EEF-B284-6BDE4A5DEE7B}.Debug|Any CPU.Build.0 = Debug|Any CPU
		{8CB5E03B-6545-4EEF-B284-6BDE4A5DEE7B}.Release|Any CPU.ActiveCfg = Release|Any CPU
		{8CB5E03B-6545-4EEF-B284-6BDE4A5DEE7B}.Release|Any CPU.Build.0 = Release|Any CPU
		{BC4F974A-6DB8-44C9-A852-6CEFA9ABEC51}.Debug|Any CPU.ActiveCfg = Debug|Any CPU
		{BC4F974A-6DB8-44C9-A852-6CEFA9ABEC51}.Debug|Any CPU.Build.0 = Debug|Any CPU
		{BC4F974A-6DB8-44C9-A852-6CEFA9ABEC51}.Release|Any CPU.ActiveCfg = Release|Any CPU
		{BC4F974A-6DB8-44C9-A852-6CEFA9ABEC51}.Release|Any CPU.Build.0 = Release|Any CPU
		{51FB25DD-8F4C-4A99-9CDE-DFA39DAF54F1}.Debug|Any CPU.ActiveCfg = Debug|Any CPU
		{51FB25DD-8F4C-4A99-9CDE-DFA39DAF54F1}.Debug|Any CPU.Build.0 = Debug|Any CPU
		{51FB25DD-8F4C-4A99-9CDE-DFA39DAF54F1}.Release|Any CPU.ActiveCfg = Release|Any CPU
		{51FB25DD-8F4C-4A99-9CDE-DFA39DAF54F1}.Release|Any CPU.Build.0 = Release|Any CPU
	EndGlobalSection
	GlobalSection(SolutionProperties) = preSolution
		HideSolutionNode = FALSE
	EndGlobalSection
	GlobalSection(ExtensibilityGlobals) = postSolution
		SolutionGuid = {3E26B68B-F9C3-4BCD-9346-EC004B17C6B8}
	EndGlobalSection
EndGlobal
